# This file was autogenerated by Stack.
# You should not edit this file by hand.
# For more information, please see the documentation at:
#   https://docs.haskellstack.org/en/stable/lock_files

packages:
- completed:
    hackage: horname-0.2.0.0@sha256:4dd4f4967fecf3e09081ed7682d884f1255e0c99ad8c329853379ef3e0866234,1490
    pantry-tree:
      size: 577
      sha256: 49ddcd287380adbe13611d7180be9d3e5d7ef5d7d572bce123cceb05839f2ded
  original:
    hackage: horname-0.2.0.0
snapshots:
- completed:
    size: 500539
    url: https://raw.githubusercontent.com/commercialhaskell/stackage-snapshots/master/lts/13/28.yaml
    sha256: cdde1bfb38fdee21c6acb73d506e78f7e12e0a73892adbbbe56374ebef4d3adf
  original: lts-13.28
